
Microsoft Visual Studio Solution File, Format Version 12.00
# Visual Studio 14
VisualStudioVersion = 14.0.24720.0
MinimumVisualStudioVersion = 10.0.40219.1
Project("{2150E333-8FDC-42A3-9474-1A3956D46DE8}") = "General", "General", "{942C28E6-22AE-402F-AAF3-C936AC252164}"
	ProjectSection(SolutionItems) = preProject
		AssemblyInfo.cs = AssemblyInfo.cs
		readme.txt = readme.txt
	EndProjectSection
EndProject
Project("{2150E333-8FDC-42A3-9474-1A3956D46DE8}") = "Foundation", "Foundation", "{B7FB5067-15AE-4A89-83B5-47314967E6CC}"
EndProject
Project("{2150E333-8FDC-42A3-9474-1A3956D46DE8}") = "UI", "UI", "{3C8179FC-093D-45D3-A92F-4AB64C2C8A81}"
EndProject
Project("{2150E333-8FDC-42A3-9474-1A3956D46DE8}") = "SDK", "SDK", "{B9F5CF6E-4C95-4363-B034-5435590A600A}"
EndProject
Project("{2150E333-8FDC-42A3-9474-1A3956D46DE8}") = "Console", "Console", "{C4D00A02-7646-4B0F-A1E8-6E32EECA404A}"
EndProject
Project("{FAE04EC0-301F-11D3-BF4B-00C04F79EFBC}") = "MySDK", "MySDK\MySDK.csproj", "{8479FCAF-4AEF-40D4-B76D-246282522FB7}"
EndProject
Project("{2150E333-8FDC-42A3-9474-1A3956D46DE8}") = "Test", "Test", "{6521CF52-B160-45A7-A185-FB3BCE4A34D2}"
EndProject
Project("{FAE04EC0-301F-11D3-BF4B-00C04F79EFBC}") = "Lumos.BLL", "Lumos.BLL\Lumos.BLL.csproj", "{640A898E-2B63-4A12-AC93-2C61D718CC6C}"
EndProject
Project("{FAE04EC0-301F-11D3-BF4B-00C04F79EFBC}") = "Lumos.DAL", "Lumos.DAL\Lumos.DAL.csproj", "{0E039414-2A2E-48B4-8DB7-C4346106FA68}"
EndProject
Project("{FAE04EC0-301F-11D3-BF4B-00C04F79EFBC}") = "Lumos.Entity", "Lumos.Entity\Lumos.Entity.csproj", "{C19704C7-7D89-42E8-9F15-D8C1A1A0C525}"
EndProject
Project("{FAE04EC0-301F-11D3-BF4B-00C04F79EFBC}") = "Test", "Test\Test.csproj", "{F2D68430-8D72-4448-8C75-0972CF5A4558}"
EndProject
Project("{FAE04EC0-301F-11D3-BF4B-00C04F79EFBC}") = "WeiXinSdk", "WeiXinSdk\WeiXinSdk.csproj", "{A8B6B73D-F2EE-41D7-9D96-AD65B31FCDC0}"
EndProject
Project("{FAE04EC0-301F-11D3-BF4B-00C04F79EFBC}") = "WebMobile", "WebMobile\WebMobile.csproj", "{09C56D66-5E02-4007-B9E6-919787D76F0D}"
EndProject
Project("{FAE04EC0-301F-11D3-BF4B-00C04F79EFBC}") = "Lumos", "..\SelfStoreCloudPlatform\Lumos\Lumos.csproj", "{27883666-32AA-447F-AA1F-6128B76FBEE8}"
EndProject
Project("{FAE04EC0-301F-11D3-BF4B-00C04F79EFBC}") = "Lumos.Common", "..\SelfStoreCloudPlatform\Lumos.Common\Lumos.Common.csproj", "{241BDF50-401F-44BF-81CD-ACC2FFC3A952}"
EndProject
Project("{FAE04EC0-301F-11D3-BF4B-00C04F79EFBC}") = "Lumos.Redis", "..\SelfStoreCloudPlatform\Lumos.Redis\Lumos.Redis.csproj", "{C165E6A0-DD43-4AA1-94B1-D4BF5420A80D}"
EndProject
Project("{FAE04EC0-301F-11D3-BF4B-00C04F79EFBC}") = "Lumos.Session", "..\SelfStoreCloudPlatform\Lumos.Session\Lumos.Session.csproj", "{D2F78AE2-3125-44B8-8629-EC3C5BC6C46B}"
EndProject
Project("{FAE04EC0-301F-11D3-BF4B-00C04F79EFBC}") = "Lumos.Web", "..\SelfStoreCloudPlatform\Lumos.Web\Lumos.Web.csproj", "{ED113AD7-1B20-4B05-8961-9B701E51734C}"
EndProject
Project("{2150E333-8FDC-42A3-9474-1A3956D46DE8}") = "Jobs", "Jobs", "{10F66F5D-0E5A-4090-B3B4-8EABCEB4A9A2}"
EndProject
Project("{FAE04EC0-301F-11D3-BF4B-00C04F79EFBC}") = "Only.Jobs", "Only.Jobs\Only.Jobs.csproj", "{0E77E4C4-01E2-446D-8AEA-D23BF79F70E4}"
EndProject
Project("{FAE04EC0-301F-11D3-BF4B-00C04F79EFBC}") = "Task4Mq2Global", "Task4Mq2Global\Task4Mq2Global.csproj", "{07512FBE-69F4-44E3-B2C7-812992040930}"
EndProject
Global
	GlobalSection(SolutionConfigurationPlatforms) = preSolution
		Debug|Any CPU = Debug|Any CPU
		Release|Any CPU = Release|Any CPU
	EndGlobalSection
	GlobalSection(ProjectConfigurationPlatforms) = postSolution
		{8479FCAF-4AEF-40D4-B76D-246282522FB7}.Debug|Any CPU.ActiveCfg = Debug|Any CPU
		{8479FCAF-4AEF-40D4-B76D-246282522FB7}.Debug|Any CPU.Build.0 = Debug|Any CPU
		{8479FCAF-4AEF-40D4-B76D-246282522FB7}.Release|Any CPU.ActiveCfg = Release|Any CPU
		{8479FCAF-4AEF-40D4-B76D-246282522FB7}.Release|Any CPU.Build.0 = Release|Any CPU
		{640A898E-2B63-4A12-AC93-2C61D718CC6C}.Debug|Any CPU.ActiveCfg = Debug|Any CPU
		{640A898E-2B63-4A12-AC93-2C61D718CC6C}.Debug|Any CPU.Build.0 = Debug|Any CPU
		{640A898E-2B63-4A12-AC93-2C61D718CC6C}.Release|Any CPU.ActiveCfg = Release|Any CPU
		{640A898E-2B63-4A12-AC93-2C61D718CC6C}.Release|Any CPU.Build.0 = Release|Any CPU
		{0E039414-2A2E-48B4-8DB7-C4346106FA68}.Debug|Any CPU.ActiveCfg = Debug|Any CPU
		{0E039414-2A2E-48B4-8DB7-C4346106FA68}.Debug|Any CPU.Build.0 = Debug|Any CPU
		{0E039414-2A2E-48B4-8DB7-C4346106FA68}.Release|Any CPU.ActiveCfg = Release|Any CPU
		{0E039414-2A2E-48B4-8DB7-C4346106FA68}.Release|Any CPU.Build.0 = Release|Any CPU
		{C19704C7-7D89-42E8-9F15-D8C1A1A0C525}.Debug|Any CPU.ActiveCfg = Debug|Any CPU
		{C19704C7-7D89-42E8-9F15-D8C1A1A0C525}.Debug|Any CPU.Build.0 = Debug|Any CPU
		{C19704C7-7D89-42E8-9F15-D8C1A1A0C525}.Release|Any CPU.ActiveCfg = Release|Any CPU
		{C19704C7-7D89-42E8-9F15-D8C1A1A0C525}.Release|Any CPU.Build.0 = Release|Any CPU
		{F2D68430-8D72-4448-8C75-0972CF5A4558}.Debug|Any CPU.ActiveCfg = Debug|Any CPU
		{F2D68430-8D72-4448-8C75-0972CF5A4558}.Debug|Any CPU.Build.0 = Debug|Any CPU
		{F2D68430-8D72-4448-8C75-0972CF5A4558}.Release|Any CPU.ActiveCfg = Release|Any CPU
		{F2D68430-8D72-4448-8C75-0972CF5A4558}.Release|Any CPU.Build.0 = Release|Any CPU
		{A8B6B73D-F2EE-41D7-9D96-AD65B31FCDC0}.Debug|Any CPU.ActiveCfg = Debug|Any CPU
		{A8B6B73D-F2EE-41D7-9D96-AD65B31FCDC0}.Debug|Any CPU.Build.0 = Debug|Any CPU
		{A8B6B73D-F2EE-41D7-9D96-AD65B31FCDC0}.Release|Any CPU.ActiveCfg = Release|Any CPU
		{A8B6B73D-F2EE-41D7-9D96-AD65B31FCDC0}.Release|Any CPU.Build.0 = Release|Any CPU
		{09C56D66-5E02-4007-B9E6-919787D76F0D}.Debug|Any CPU.ActiveCfg = Debug|Any CPU
		{09C56D66-5E02-4007-B9E6-919787D76F0D}.Debug|Any CPU.Build.0 = Debug|Any CPU
		{09C56D66-5E02-4007-B9E6-919787D76F0D}.Release|Any CPU.ActiveCfg = Release|Any CPU
		{09C56D66-5E02-4007-B9E6-919787D76F0D}.Release|Any CPU.Build.0 = Release|Any CPU
		{27883666-32AA-447F-AA1F-6128B76FBEE8}.Debug|Any CPU.ActiveCfg = Debug|Any CPU
		{27883666-32AA-447F-AA1F-6128B76FBEE8}.Debug|Any CPU.Build.0 = Debug|Any CPU
		{27883666-32AA-447F-AA1F-6128B76FBEE8}.Release|Any CPU.ActiveCfg = Release|Any CPU
		{27883666-32AA-447F-AA1F-6128B76FBEE8}.Release|Any CPU.Build.0 = Release|Any CPU
		{241BDF50-401F-44BF-81CD-ACC2FFC3A952}.Debug|Any CPU.ActiveCfg = Debug|Any CPU
		{241BDF50-401F-44BF-81CD-ACC2FFC3A952}.Debug|Any CPU.Build.0 = Debug|Any CPU
		{241BDF50-401F-44BF-81CD-ACC2FFC3A952}.Release|Any CPU.ActiveCfg = Release|Any CPU
		{241BDF50-401F-44BF-81CD-ACC2FFC3A952}.Release|Any CPU.Build.0 = Release|Any CPU
		{C165E6A0-DD43-4AA1-94B1-D4BF5420A80D}.Debug|Any CPU.ActiveCfg = Debug|Any CPU
		{C165E6A0-DD43-4AA1-94B1-D4BF5420A80D}.Debug|Any CPU.Build.0 = Debug|Any CPU
		{C165E6A0-DD43-4AA1-94B1-D4BF5420A80D}.Release|Any CPU.ActiveCfg = Release|Any CPU
		{C165E6A0-DD43-4AA1-94B1-D4BF5420A80D}.Release|Any CPU.Build.0 = Release|Any CPU
		{D2F78AE2-3125-44B8-8629-EC3C5BC6C46B}.Debug|Any CPU.ActiveCfg = Debug|Any CPU
		{D2F78AE2-3125-44B8-8629-EC3C5BC6C46B}.Debug|Any CPU.Build.0 = Debug|Any CPU
		{D2F78AE2-3125-44B8-8629-EC3C5BC6C46B}.Release|Any CPU.ActiveCfg = Release|Any CPU
		{D2F78AE2-3125-44B8-8629-EC3C5BC6C46B}.Release|Any CPU.Build.0 = Release|Any CPU
		{ED113AD7-1B20-4B05-8961-9B701E51734C}.Debug|Any CPU.ActiveCfg = Debug|Any CPU
		{ED113AD7-1B20-4B05-8961-9B701E51734C}.Debug|Any CPU.Build.0 = Debug|Any CPU
		{ED113AD7-1B20-4B05-8961-9B701E51734C}.Release|Any CPU.ActiveCfg = Release|Any CPU
		{ED113AD7-1B20-4B05-8961-9B701E51734C}.Release|Any CPU.Build.0 = Release|Any CPU
		{0E77E4C4-01E2-446D-8AEA-D23BF79F70E4}.Debug|Any CPU.ActiveCfg = Debug|Any CPU
		{0E77E4C4-01E2-446D-8AEA-D23BF79F70E4}.Debug|Any CPU.Build.0 = Debug|Any CPU
		{0E77E4C4-01E2-446D-8AEA-D23BF79F70E4}.Release|Any CPU.ActiveCfg = Release|Any CPU
		{0E77E4C4-01E2-446D-8AEA-D23BF79F70E4}.Release|Any CPU.Build.0 = Release|Any CPU
		{07512FBE-69F4-44E3-B2C7-812992040930}.Debug|Any CPU.ActiveCfg = Debug|Any CPU
		{07512FBE-69F4-44E3-B2C7-812992040930}.Debug|Any CPU.Build.0 = Debug|Any CPU
		{07512FBE-69F4-44E3-B2C7-812992040930}.Release|Any CPU.ActiveCfg = Release|Any CPU
		{07512FBE-69F4-44E3-B2C7-812992040930}.Release|Any CPU.Build.0 = Release|Any CPU
	EndGlobalSection
	GlobalSection(SolutionProperties) = preSolution
		HideSolutionNode = FALSE
	EndGlobalSection
	GlobalSection(NestedProjects) = preSolution
		{C4D00A02-7646-4B0F-A1E8-6E32EECA404A} = {3C8179FC-093D-45D3-A92F-4AB64C2C8A81}
		{8479FCAF-4AEF-40D4-B76D-246282522FB7} = {B9F5CF6E-4C95-4363-B034-5435590A600A}
		{640A898E-2B63-4A12-AC93-2C61D718CC6C} = {B7FB5067-15AE-4A89-83B5-47314967E6CC}
		{0E039414-2A2E-48B4-8DB7-C4346106FA68} = {B7FB5067-15AE-4A89-83B5-47314967E6CC}
		{C19704C7-7D89-42E8-9F15-D8C1A1A0C525} = {B7FB5067-15AE-4A89-83B5-47314967E6CC}
		{F2D68430-8D72-4448-8C75-0972CF5A4558} = {6521CF52-B160-45A7-A185-FB3BCE4A34D2}
		{A8B6B73D-F2EE-41D7-9D96-AD65B31FCDC0} = {B9F5CF6E-4C95-4363-B034-5435590A600A}
		{09C56D66-5E02-4007-B9E6-919787D76F0D} = {3C8179FC-093D-45D3-A92F-4AB64C2C8A81}
		{27883666-32AA-447F-AA1F-6128B76FBEE8} = {B7FB5067-15AE-4A89-83B5-47314967E6CC}
		{241BDF50-401F-44BF-81CD-ACC2FFC3A952} = {B7FB5067-15AE-4A89-83B5-47314967E6CC}
		{C165E6A0-DD43-4AA1-94B1-D4BF5420A80D} = {B7FB5067-15AE-4A89-83B5-47314967E6CC}
		{D2F78AE2-3125-44B8-8629-EC3C5BC6C46B} = {B7FB5067-15AE-4A89-83B5-47314967E6CC}
		{ED113AD7-1B20-4B05-8961-9B701E51734C} = {B7FB5067-15AE-4A89-83B5-47314967E6CC}
		{0E77E4C4-01E2-446D-8AEA-D23BF79F70E4} = {10F66F5D-0E5A-4090-B3B4-8EABCEB4A9A2}
		{07512FBE-69F4-44E3-B2C7-812992040930} = {C4D00A02-7646-4B0F-A1E8-6E32EECA404A}
	EndGlobalSection
EndGlobal
